
Microsoft Visual Studio Solution File, Format Version 12.00
# Visual Studio Version 17
VisualStudioVersion = 17.8.34330.188
MinimumVisualStudioVersion = 10.0.40219.1
Project("{FAE04EC0-301F-11D3-BF4B-00C04F79EFBC}") = "SAMPLE2", "SAMPLE2.csproj", "{EDA26D55-8526-4AF2-AF00-B605E7D8A834}"
EndProject
Global
	GlobalSection(SolutionConfigurationPlatforms) = preSolution
		Debug|Any CPU = Debug|Any CPU
		Release|Any CPU = Release|Any CPU
	EndGlobalSection
	GlobalSection(ProjectConfigurationPlatforms) = postSolution
		{EDA26D55-8526-4AF2-AF00-B605E7D8A834}.Debug|Any CPU.ActiveCfg = Debug|Any CPU
		{EDA26D55-8526-4AF2-AF00-B605E7D8A834}.Debug|Any CPU.Build.0 = Debug|Any CPU
		{EDA26D55-8526-4AF2-AF00-B605E7D8A834}.Release|Any CPU.ActiveCfg = Release|Any CPU
		{EDA26D55-8526-4AF2-AF00-B605E7D8A834}.Release|Any CPU.Build.0 = Release|Any CPU
	EndGlobalSection
	GlobalSection(SolutionProperties) = preSolution
		HideSolutionNode = FALSE
	EndGlobalSection
	GlobalSection(ExtensibilityGlobals) = postSolution
		SolutionGuid = {BAFCD248-7156-4DD7-B3CE-D67836364C12}
	EndGlobalSection
EndGlobal
